
Microsoft Visual Studio Solution File, Format Version 12.00
# Visual Studio Version 17
VisualStudioVersion = 17.3.32922.545
MinimumVisualStudioVersion = 10.0.40219.1
Project("{FAE04EC0-301F-11D3-BF4B-00C04F79EFBC}") = "ConsoleApp2", "ConsoleApp2\ConsoleApp2.csproj", "{5E7E26F5-F226-4823-9299-11FED697DF83}"
EndProject
Global
	GlobalSection(SolutionConfigurationPlatforms) = preSolution
		Debug|Any CPU = Debug|Any CPU
		Release|Any CPU = Release|Any CPU
	EndGlobalSection
	GlobalSection(ProjectConfigurationPlatforms) = postSolution
		{5E7E26F5-F226-4823-9299-11FED697DF83}.Debug|Any CPU.ActiveCfg = Debug|Any CPU
		{5E7E26F5-F226-4823-9299-11FED697DF83}.Debug|Any CPU.Build.0 = Debug|Any CPU
		{5E7E26F5-F226-4823-9299-11FED697DF83}.Release|Any CPU.ActiveCfg = Release|Any CPU
		{5E7E26F5-F226-4823-9299-11FED697DF83}.Release|Any CPU.Build.0 = Release|Any CPU
	EndGlobalSection
	GlobalSection(SolutionProperties) = preSolution
		HideSolutionNode = FALSE
	EndGlobalSection
	GlobalSection(ExtensibilityGlobals) = postSolution
		SolutionGuid = {2536E964-007D-4577-9FD4-C4CAC17FC863}
	EndGlobalSection
EndGlobal
